
Microsoft Visual Studio Solution File, Format Version 12.00
# Visual Studio 2017
Project("{FAE04EC0-301F-11D3-BF4B-00C04F79EFBC}") = "FinalTest", "FinalTest.csproj", "{C780DE97-9E2D-79EF-151C-A6AC2F59DBB6}"
EndProject
Project("{FAE04EC0-301F-11D3-BF4B-00C04F79EFBC}") = "FinalTest.Editor", "FinalTest.Editor.csproj", "{F3E2482B-3505-561D-3256-3CBCDA078E07}"
EndProject
Global
	GlobalSection(SolutionConfigurationPlatforms) = preSolution
		Debug|Any CPU = Debug|Any CPU
		Release|Any CPU = Release|Any CPU
	EndGlobalSection
	GlobalSection(ProjectConfigurationPlatforms) = postSolution
		{C780DE97-9E2D-79EF-151C-A6AC2F59DBB6}.Debug|Any CPU.ActiveCfg = Debug|Any CPU
		{C780DE97-9E2D-79EF-151C-A6AC2F59DBB6}.Debug|Any CPU.Build.0 = Debug|Any CPU
		{C780DE97-9E2D-79EF-151C-A6AC2F59DBB6}.Release|Any CPU.ActiveCfg = Release|Any CPU
		{C780DE97-9E2D-79EF-151C-A6AC2F59DBB6}.Release|Any CPU.Build.0 = Release|Any CPU
		{F3E2482B-3505-561D-3256-3CBCDA078E07}.Debug|Any CPU.ActiveCfg = Debug|Any CPU
		{F3E2482B-3505-561D-3256-3CBCDA078E07}.Debug|Any CPU.Build.0 = Debug|Any CPU
		{F3E2482B-3505-561D-3256-3CBCDA078E07}.Release|Any CPU.ActiveCfg = Release|Any CPU
		{F3E2482B-3505-561D-3256-3CBCDA078E07}.Release|Any CPU.Build.0 = Release|Any CPU
	EndGlobalSection
	GlobalSection(SolutionProperties) = preSolution
		HideSolutionNode = FALSE
	EndGlobalSection
EndGlobal
